// !$*UTF8*$!
{
	archiveVersion = 1;
	classes = {
	};
	objectVersion = 46;
	objects = {

/* Begin PBXBuildFile section */
		486C43E7152A56A743C326C4 /* Pods_DebtLock.framework in Frameworks */ = {isa = PBXBuildFile; fileRef = F84A7CC4C903FCCCAA573B41 /* Pods_DebtLock.framework */; };
		5E582A601F2769AE0082B91E /* CreateUsernameViewController.swift in Sources */ = {isa = PBXBuildFile; fileRef = 5E582A5F1F2769AE0082B91E /* CreateUsernameViewController.swift */; };
		5E5A24501F25E7AC00F19581 /* Date+convertToString.swift in Sources */ = {isa = PBXBuildFile; fileRef = 5E5A244F1F25E7AC00F19581 /* Date+convertToString.swift */; };
		5E5A24551F25E85000F19581 /* DisplayDebtViewController.swift in Sources */ = {isa = PBXBuildFile; fileRef = 5E5A24541F25E85000F19581 /* DisplayDebtViewController.swift */; };
		5E5A245A1F25E9F300F19581 /* ListTableViewCell.swift in Sources */ = {isa = PBXBuildFile; fileRef = 5E5A24591F25E9F300F19581 /* ListTableViewCell.swift */; };
		5EC36DDD1F273EE1003AC792 /* User.swift in Sources */ = {isa = PBXBuildFile; fileRef = 5EC36DDC1F273EE1003AC792 /* User.swift */; };
		5EE517C21F273954000D2072 /* DebtsTableViewController.swift in Sources */ = {isa = PBXBuildFile; fileRef = 5EE517C11F273954000D2072 /* DebtsTableViewController.swift */; };
		5EE517C41F273A6D000D2072 /* Debt Service.swift in Sources */ = {isa = PBXBuildFile; fileRef = 5EE517C31F273A6D000D2072 /* Debt Service.swift */; };
		5EE613D01F2821F300C228D6 /* user service.swift in Sources */ = {isa = PBXBuildFile; fileRef = 5EE613CF1F2821F300C228D6 /* user service.swift */; };
		5EE613D21F28226A00C228D6 /* constants.swift in Sources */ = {isa = PBXBuildFile; fileRef = 5EE613D11F28226A00C228D6 /* constants.swift */; };
		5EE613D41F282BD300C228D6 /* Storyboard+Utility.swift in Sources */ = {isa = PBXBuildFile; fileRef = 5EE613D31F282BD300C228D6 /* Storyboard+Utility.swift */; };
		7E783E631F25E32100F58D25 /* AppDelegate.swift in Sources */ = {isa = PBXBuildFile; fileRef = 7E783E621F25E32100F58D25 /* AppDelegate.swift */; };
		7E783E651F25E32100F58D25 /* ViewController.swift in Sources */ = {isa = PBXBuildFile; fileRef = 7E783E641F25E32100F58D25 /* ViewController.swift */; };
		7E783E681F25E32100F58D25 /* Main.storyboard in Resources */ = {isa = PBXBuildFile; fileRef = 7E783E661F25E32100F58D25 /* Main.storyboard */; };
		7E783E6A1F25E32100F58D25 /* Assets.xcassets in Resources */ = {isa = PBXBuildFile; fileRef = 7E783E691F25E32100F58D25 /* Assets.xcassets */; };
		7E783E6D1F25E32100F58D25 /* LaunchScreen.storyboard in Resources */ = {isa = PBXBuildFile; fileRef = 7E783E6B1F25E32100F58D25 /* LaunchScreen.storyboard */; };
		7E783E761F26D48000F58D25 /* Login.storyboard in Resources */ = {isa = PBXBuildFile; fileRef = 7E783E741F26D48000F58D25 /* Login.storyboard */; };
		7E783E781F26D5A700F58D25 /* LoginViewController.swift in Sources */ = {isa = PBXBuildFile; fileRef = 7E783E771F26D5A700F58D25 /* LoginViewController.swift */; };
		7E783E7A1F26F5F600F58D25 /* GoogleService-Info.plist in Resources */ = {isa = PBXBuildFile; fileRef = 7E783E791F26F5F600F58D25 /* GoogleService-Info.plist */; };
/* End PBXBuildFile section */

/* Begin PBXFileReference section */
		5E582A5F1F2769AE0082B91E /* CreateUsernameViewController.swift */ = {isa = PBXFileReference; fileEncoding = 4; lastKnownFileType = sourcecode.swift; path = CreateUsernameViewController.swift; sourceTree = "<group>"; };
		5E5A244F1F25E7AC00F19581 /* Date+convertToString.swift */ = {isa = PBXFileReference; fileEncoding = 4; lastKnownFileType = sourcecode.swift; path = "Date+convertToString.swift"; sourceTree = "<group>"; };
		5E5A24541F25E85000F19581 /* DisplayDebtViewController.swift */ = {isa = PBXFileReference; fileEncoding = 4; lastKnownFileType = sourcecode.swift; name = DisplayDebtViewController.swift; path = DebtLock/DisplayDebtViewController.swift; sourceTree = "<group>"; };
		5E5A24591F25E9F300F19581 /* ListTableViewCell.swift */ = {isa = PBXFileReference; fileEncoding = 4; lastKnownFileType = sourcecode.swift; path = ListTableViewCell.swift; sourceTree = "<group>"; };
		5EC36DDC1F273EE1003AC792 /* User.swift */ = {isa = PBXFileReference; fileEncoding = 4; lastKnownFileType = sourcecode.swift; path = User.swift; sourceTree = "<group>"; };
		5EE517C11F273954000D2072 /* DebtsTableViewController.swift */ = {isa = PBXFileReference; fileEncoding = 4; lastKnownFileType = sourcecode.swift; path = DebtsTableViewController.swift; sourceTree = "<group>"; };
		5EE517C31F273A6D000D2072 /* Debt Service.swift */ = {isa = PBXFileReference; fileEncoding = 4; lastKnownFileType = sourcecode.swift; path = "Debt Service.swift"; sourceTree = "<group>"; };
		5EE613CF1F2821F300C228D6 /* user service.swift */ = {isa = PBXFileReference; fileEncoding = 4; lastKnownFileType = sourcecode.swift; path = "user service.swift"; sourceTree = "<group>"; };
		5EE613D11F28226A00C228D6 /* constants.swift */ = {isa = PBXFileReference; fileEncoding = 4; lastKnownFileType = sourcecode.swift; path = constants.swift; sourceTree = "<group>"; };
		5EE613D31F282BD300C228D6 /* Storyboard+Utility.swift */ = {isa = PBXFileReference; fileEncoding = 4; lastKnownFileType = sourcecode.swift; path = "Storyboard+Utility.swift"; sourceTree = "<group>"; };
		7E783E5F1F25E32100F58D25 /* DebtLock.app */ = {isa = PBXFileReference; explicitFileType = wrapper.application; includeInIndex = 0; path = DebtLock.app; sourceTree = BUILT_PRODUCTS_DIR; };
		7E783E621F25E32100F58D25 /* AppDelegate.swift */ = {isa = PBXFileReference; lastKnownFileType = sourcecode.swift; path = AppDelegate.swift; sourceTree = "<group>"; };
		7E783E641F25E32100F58D25 /* ViewController.swift */ = {isa = PBXFileReference; lastKnownFileType = sourcecode.swift; path = ViewController.swift; sourceTree = "<group>"; };
		7E783E671F25E32100F58D25 /* Base */ = {isa = PBXFileReference; lastKnownFileType = file.storyboard; name = Base; path = Base.lproj/Main.storyboard; sourceTree = "<group>"; };
		7E783E691F25E32100F58D25 /* Assets.xcassets */ = {isa = PBXFileReference; lastKnownFileType = folder.assetcatalog; path = Assets.xcassets; sourceTree = "<group>"; };
		7E783E6C1F25E32100F58D25 /* Base */ = {isa = PBXFileReference; lastKnownFileType = file.storyboard; name = Base; path = Base.lproj/LaunchScreen.storyboard; sourceTree = "<group>"; };
		7E783E6E1F25E32100F58D25 /* Info.plist */ = {isa = PBXFileReference; lastKnownFileType = text.plist.xml; path = Info.plist; sourceTree = "<group>"; };
		7E783E751F26D48000F58D25 /* Base */ = {isa = PBXFileReference; lastKnownFileType = file.storyboard; name = Base; path = Base.lproj/Login.storyboard; sourceTree = "<group>"; };
		7E783E771F26D5A700F58D25 /* LoginViewController.swift */ = {isa = PBXFileReference; fileEncoding = 4; lastKnownFileType = sourcecode.swift; path = LoginViewController.swift; sourceTree = "<group>"; };
		7E783E791F26F5F600F58D25 /* GoogleService-Info.plist */ = {isa = PBXFileReference; fileEncoding = 4; lastKnownFileType = text.plist.xml; name = "GoogleService-Info.plist"; path = "../../../../Downloads/GoogleService-Info.plist"; sourceTree = "<group>"; };
		9E5D68EE00470BC886BD9167 /* Pods-DebtLock.debug.xcconfig */ = {isa = PBXFileReference; includeInIndex = 1; lastKnownFileType = text.xcconfig; name = "Pods-DebtLock.debug.xcconfig"; path = "Pods/Target Support Files/Pods-DebtLock/Pods-DebtLock.debug.xcconfig"; sourceTree = "<group>"; };
		B0585185CF68C767136D8247 /* Pods-DebtLock.release.xcconfig */ = {isa = PBXFileReference; includeInIndex = 1; lastKnownFileType = text.xcconfig; name = "Pods-DebtLock.release.xcconfig"; path = "Pods/Target Support Files/Pods-DebtLock/Pods-DebtLock.release.xcconfig"; sourceTree = "<group>"; };
		F84A7CC4C903FCCCAA573B41 /* Pods_DebtLock.framework */ = {isa = PBXFileReference; explicitFileType = wrapper.framework; includeInIndex = 0; path = Pods_DebtLock.framework; sourceTree = BUILT_PRODUCTS_DIR; };
/* End PBXFileReference section */

/* Begin PBXFrameworksBuildPhase section */
		7E783E5C1F25E32100F58D25 /* Frameworks */ = {
			isa = PBXFrameworksBuildPhase;
			buildActionMask = 2147483647;
			files = (
				486C43E7152A56A743C326C4 /* Pods_DebtLock.framework in Frameworks */,
			);
			runOnlyForDeploymentPostprocessing = 0;
		};
/* End PBXFrameworksBuildPhase section */

/* Begin PBXGroup section */
		28F00E53761C8D358018DB61 /* Pods */ = {
			isa = PBXGroup;
			children = (
				9E5D68EE00470BC886BD9167 /* Pods-DebtLock.debug.xcconfig */,
				B0585185CF68C767136D8247 /* Pods-DebtLock.release.xcconfig */,
			);
			name = Pods;
			sourceTree = "<group>";
		};
		5E5A244E1F25E6B200F19581 /* View Controller */ = {
			isa = PBXGroup;
			children = (
				5EE517C11F273954000D2072 /* DebtsTableViewController.swift */,
				5E5A24541F25E85000F19581 /* DisplayDebtViewController.swift */,
			);
			name = "View Controller";
			path = ..;
			sourceTree = "<group>";
		};
		5E5A24511F25E7D600F19581 /* Extension */ = {
			isa = PBXGroup;
			children = (
				5E5A244F1F25E7AC00F19581 /* Date+convertToString.swift */,
			);
			name = Extension;
			sourceTree = "<group>";
		};
		5E5A24581F25E87500F19581 /* Helper */ = {
			isa = PBXGroup;
			children = (
			);
			name = Helper;
			sourceTree = "<group>";
		};
		5E5A245B1F25EAAB00F19581 /* views */ = {
			isa = PBXGroup;
			children = (
				5E5A24591F25E9F300F19581 /* ListTableViewCell.swift */,
			);
			name = views;
			sourceTree = "<group>";
		};
		5EEB364F1F27169300A33DEC /* Storyboards */ = {
			isa = PBXGroup;
			children = (
				7E783E661F25E32100F58D25 /* Main.storyboard */,
				7E783E6B1F25E32100F58D25 /* LaunchScreen.storyboard */,
				7E783E741F26D48000F58D25 /* Login.storyboard */,
			);
			name = Storyboards;
			sourceTree = "<group>";
		};
		5EEB36501F27171800A33DEC /* Services */ = {
			isa = PBXGroup;
			children = (
				5EC36DDC1F273EE1003AC792 /* User.swift */,
				5EE613CF1F2821F300C228D6 /* user service.swift */,
				7E783E6E1F25E32100F58D25 /* Info.plist */,
				7E783E791F26F5F600F58D25 /* GoogleService-Info.plist */,
				7E783E691F25E32100F58D25 /* Assets.xcassets */,
				5EE517C31F273A6D000D2072 /* Debt Service.swift */,
			);
			name = Services;
			sourceTree = "<group>";
		};
		7E783E561F25E32100F58D25 = {
			isa = PBXGroup;
			children = (
				5EE613D31F282BD300C228D6 /* Storyboard+Utility.swift */,
				7E783E611F25E32100F58D25 /* DebtLock */,
				7E783E601F25E32100F58D25 /* Products */,
				28F00E53761C8D358018DB61 /* Pods */,
				A30BF4ABD11486A1BC9ED4AE /* Frameworks */,
			);
			sourceTree = "<group>";
		};
		7E783E601F25E32100F58D25 /* Products */ = {
			isa = PBXGroup;
			children = (
				7E783E5F1F25E32100F58D25 /* DebtLock.app */,
			);
			name = Products;
			sourceTree = "<group>";
		};
		7E783E611F25E32100F58D25 /* DebtLock */ = {
			isa = PBXGroup;
			children = (
				7E783E621F25E32100F58D25 /* AppDelegate.swift */,
				7E783E641F25E32100F58D25 /* ViewController.swift */,
				7E783E771F26D5A700F58D25 /* LoginViewController.swift */,
				5E582A5F1F2769AE0082B91E /* CreateUsernameViewController.swift */,
				5EEB364F1F27169300A33DEC /* Storyboards */,
				5E5A24511F25E7D600F19581 /* Extension */,
				5EEB36501F27171800A33DEC /* Services */,
				5E5A244E1F25E6B200F19581 /* View Controller */,
				5E5A24581F25E87500F19581 /* Helper */,
				5E5A245B1F25EAAB00F19581 /* views */,
				5EE613D11F28226A00C228D6 /* constants.swift */,
			);
			path = DebtLock;
			sourceTree = "<group>";
		};
		A30BF4ABD11486A1BC9ED4AE /* Frameworks */ = {
			isa = PBXGroup;
			children = (
				F84A7CC4C903FCCCAA573B41 /* Pods_DebtLock.framework */,
			);
			name = Frameworks;
			sourceTree = "<group>";
		};
/* End PBXGroup section */

/* Begin PBXNativeTarget section */
		7E783E5E1F25E32100F58D25 /* DebtLock */ = {
			isa = PBXNativeTarget;
			buildConfigurationList = 7E783E711F25E32100F58D25 /* Build configuration list for PBXNativeTarget "DebtLock" */;
			buildPhases = (
				B299D11BFC439C2B93D0B6E6 /* [CP] Check Pods Manifest.lock */,
				7E783E5B1F25E32100F58D25 /* Sources */,
				7E783E5C1F25E32100F58D25 /* Frameworks */,
				7E783E5D1F25E32100F58D25 /* Resources */,
				9E3E799A00B0B7ABC5336E65 /* [CP] Embed Pods Frameworks */,
				CC9A8D05915A1D11F81B4EF4 /* [CP] Copy Pods Resources */,
			);
			buildRules = (
			);
			dependencies = (
			);
			name = DebtLock;
			productName = DebtLock;
			productReference = 7E783E5F1F25E32100F58D25 /* DebtLock.app */;
			productType = "com.apple.product-type.application";
		};
/* End PBXNativeTarget section */

/* Begin PBXProject section */
		7E783E571F25E32100F58D25 /* Project object */ = {
			isa = PBXProject;
			attributes = {
				LastSwiftUpdateCheck = 0830;
				LastUpgradeCheck = 0830;
				ORGANIZATIONNAME = "Michael Lam";
				TargetAttributes = {
					7E783E5E1F25E32100F58D25 = {
						CreatedOnToolsVersion = 8.3.3;
						ProvisioningStyle = Automatic;
					};
				};
			};
			buildConfigurationList = 7E783E5A1F25E32100F58D25 /* Build configuration list for PBXProject "DebtLock" */;
			compatibilityVersion = "Xcode 3.2";
			developmentRegion = English;
			hasScannedForEncodings = 0;
			knownRegions = (
				en,
				Base,
			);
			mainGroup = 7E783E561F25E32100F58D25;
			productRefGroup = 7E783E601F25E32100F58D25 /* Products */;
			projectDirPath = "";
			projectRoot = "";
			targets = (
				7E783E5E1F25E32100F58D25 /* DebtLock */,
			);
		};
/* End PBXProject section */

/* Begin PBXResourcesBuildPhase section */
		7E783E5D1F25E32100F58D25 /* Resources */ = {
			isa = PBXResourcesBuildPhase;
			buildActionMask = 2147483647;
			files = (
				7E783E761F26D48000F58D25 /* Login.storyboard in Resources */,
				7E783E6D1F25E32100F58D25 /* LaunchScreen.storyboard in Resources */,
				7E783E7A1F26F5F600F58D25 /* GoogleService-Info.plist in Resources */,
				7E783E6A1F25E32100F58D25 /* Assets.xcassets in Resources */,
				7E783E681F25E32100F58D25 /* Main.storyboard in Resources */,
			);
			runOnlyForDeploymentPostprocessing = 0;
		};
/* End PBXResourcesBuildPhase section */

/* Begin PBXShellScriptBuildPhase section */
		9E3E799A00B0B7ABC5336E65 /* [CP] Embed Pods Frameworks */ = {
			isa = PBXShellScriptBuildPhase;
			buildActionMask = 2147483647;
			files = (
			);
			inputPaths = (
			);
			name = "[CP] Embed Pods Frameworks";
			outputPaths = (
			);
			runOnlyForDeploymentPostprocessing = 0;
			shellPath = /bin/sh;
			shellScript = "\"${SRCROOT}/Pods/Target Support Files/Pods-DebtLock/Pods-DebtLock-frameworks.sh\"\n";
			showEnvVarsInLog = 0;
		};
		B299D11BFC439C2B93D0B6E6 /* [CP] Check Pods Manifest.lock */ = {
			isa = PBXShellScriptBuildPhase;
			buildActionMask = 2147483647;
			files = (
			);
			inputPaths = (
			);
			name = "[CP] Check Pods Manifest.lock";
			outputPaths = (
			);
			runOnlyForDeploymentPostprocessing = 0;
			shellPath = /bin/sh;
			shellScript = "diff \"${PODS_PODFILE_DIR_PATH}/Podfile.lock\" \"${PODS_ROOT}/Manifest.lock\" > /dev/null\nif [ $? != 0 ] ; then\n    # print error to STDERR\n    echo \"error: The sandbox is not in sync with the Podfile.lock. Run 'pod install' or update your CocoaPods installation.\" >&2\n    exit 1\nfi\n";
			showEnvVarsInLog = 0;
		};
		CC9A8D05915A1D11F81B4EF4 /* [CP] Copy Pods Resources */ = {
			isa = PBXShellScriptBuildPhase;
			buildActionMask = 2147483647;
			files = (
			);
			inputPaths = (
			);
			name = "[CP] Copy Pods Resources";
			outputPaths = (
			);
			runOnlyForDeploymentPostprocessing = 0;
			shellPath = /bin/sh;
			shellScript = "\"${SRCROOT}/Pods/Target Support Files/Pods-DebtLock/Pods-DebtLock-resources.sh\"\n";
			showEnvVarsInLog = 0;
		};
/* End PBXShellScriptBuildPhase section */

/* Begin PBXSourcesBuildPhase section */
		7E783E5B1F25E32100F58D25 /* Sources */ = {
			isa = PBXSourcesBuildPhase;
			buildActionMask = 2147483647;
			files = (
				5E5A245A1F25E9F300F19581 /* ListTableViewCell.swift in Sources */,
				7E783E781F26D5A700F58D25 /* LoginViewController.swift in Sources */,
				5EE517C21F273954000D2072 /* DebtsTableViewController.swift in Sources */,
				5E5A24501F25E7AC00F19581 /* Date+convertToString.swift in Sources */,
				5E5A24551F25E85000F19581 /* DisplayDebtViewController.swift in Sources */,
				5EC36DDD1F273EE1003AC792 /* User.swift in Sources */,
				5EE517C41F273A6D000D2072 /* Debt Service.swift in Sources */,
				7E783E651F25E32100F58D25 /* ViewController.swift in Sources */,
				5E582A601F2769AE0082B91E /* CreateUsernameViewController.swift in Sources */,
				5EE613D01F2821F300C228D6 /* user service.swift in Sources */,
				5EE613D41F282BD300C228D6 /* Storyboard+Utility.swift in Sources */,
				7E783E631F25E32100F58D25 /* AppDelegate.swift in Sources */,
				5EE613D21F28226A00C228D6 /* constants.swift in Sources */,
			);
			runOnlyForDeploymentPostprocessing = 0;
		};
/* End PBXSourcesBuildPhase section */

/* Begin PBXVariantGroup section */
		7E783E661F25E32100F58D25 /* Main.storyboard */ = {
			isa = PBXVariantGroup;
			children = (
				7E783E671F25E32100F58D25 /* Base */,
			);
			name = Main.storyboard;
			sourceTree = "<group>";
		};
		7E783E6B1F25E32100F58D25 /* LaunchScreen.storyboard */ = {
			isa = PBXVariantGroup;
			children = (
				7E783E6C1F25E32100F58D25 /* Base */,
			);
			name = LaunchScreen.storyboard;
			sourceTree = "<group>";
		};
		7E783E741F26D48000F58D25 /* Login.storyboard */ = {
			isa = PBXVariantGroup;
			children = (
				7E783E751F26D48000F58D25 /* Base */,
			);
			name = Login.storyboard;
			sourceTree = "<group>";
		};
/* End PBXVariantGroup section */

/* Begin XCBuildConfiguration section */
		7E783E6F1F25E32100F58D25 /* Debug */ = {
			isa = XCBuildConfiguration;
			buildSettings = {
				ALWAYS_SEARCH_USER_PATHS = NO;
				CLANG_ANALYZER_NONNULL = YES;
				CLANG_ANALYZER_NUMBER_OBJECT_CONVERSION = YES_AGGRESSIVE;
				CLANG_CXX_LANGUAGE_STANDARD = "gnu++0x";
				CLANG_CXX_LIBRARY = "libc++";
				CLANG_ENABLE_MODULES = YES;
				CLANG_ENABLE_OBJC_ARC = YES;
				CLANG_WARN_BOOL_CONVERSION = YES;
				CLANG_WARN_CONSTANT_CONVERSION = YES;
				CLANG_WARN_DIRECT_OBJC_ISA_USAGE = YES_ERROR;
				CLANG_WARN_DOCUMENTATION_COMMENTS = YES;
				CLANG_WARN_EMPTY_BODY = YES;
				CLANG_WARN_ENUM_CONVERSION = YES;
				CLANG_WARN_INFINITE_RECURSION = YES;
				CLANG_WARN_INT_CONVERSION = YES;
				CLANG_WARN_OBJC_ROOT_CLASS = YES_ERROR;
				CLANG_WARN_SUSPICIOUS_MOVE = YES;
				CLANG_WARN_UNREACHABLE_CODE = YES;
				CLANG_WARN__DUPLICATE_METHOD_MATCH = YES;
				"CODE_SIGN_IDENTITY[sdk=iphoneos*]" = "iPhone Developer";
				COPY_PHASE_STRIP = NO;
				DEBUG_INFORMATION_FORMAT = dwarf;
				ENABLE_STRICT_OBJC_MSGSEND = YES;
				ENABLE_TESTABILITY = YES;
				GCC_C_LANGUAGE_STANDARD = gnu99;
				GCC_DYNAMIC_NO_PIC = NO;
				GCC_NO_COMMON_BLOCKS = YES;
				GCC_OPTIMIZATION_LEVEL = 0;
				GCC_PREPROCESSOR_DEFINITIONS = (
					"DEBUG=1",
					"$(inherited)",
				);
				GCC_WARN_64_TO_32_BIT_CONVERSION = YES;
				GCC_WARN_ABOUT_RETURN_TYPE = YES_ERROR;
				GCC_WARN_UNDECLARED_SELECTOR = YES;
				GCC_WARN_UNINITIALIZED_AUTOS = YES_AGGRESSIVE;
				GCC_WARN_UNUSED_FUNCTION = YES;
				GCC_WARN_UNUSED_VARIABLE = YES;
				IPHONEOS_DEPLOYMENT_TARGET = 10.3;
				MTL_ENABLE_DEBUG_INFO = YES;
				ONLY_ACTIVE_ARCH = YES;
				SDKROOT = iphoneos;
				SWIFT_ACTIVE_COMPILATION_CONDITIONS = DEBUG;
				SWIFT_OPTIMIZATION_LEVEL = "-Onone";
			};
			name = Debug;
		};
		7E783E701F25E32100F58D25 /* Release */ = {
			isa = XCBuildConfiguration;
			buildSettings = {
				ALWAYS_SEARCH_USER_PATHS = NO;
				CLANG_ANALYZER_NONNULL = YES;
				CLANG_ANALYZER_NUMBER_OBJECT_CONVERSION = YES_AGGRESSIVE;
				CLANG_CXX_LANGUAGE_STANDARD = "gnu++0x";
				CLANG_CXX_LIBRARY = "libc++";
				CLANG_ENABLE_MODULES = YES;
				CLANG_ENABLE_OBJC_ARC = YES;
				CLANG_WARN_BOOL_CONVERSION = YES;
				CLANG_WARN_CONSTANT_CONVERSION = YES;
				CLANG_WARN_DIRECT_OBJC_ISA_USAGE = YES_ERROR;
				CLANG_WARN_DOCUMENTATION_COMMENTS = YES;
				CLANG_WARN_EMPTY_BODY = YES;
				CLANG_WARN_ENUM_CONVERSION = YES;
				CLANG_WARN_INFINITE_RECURSION = YES;
				CLANG_WARN_INT_CONVERSION = YES;
				CLANG_WARN_OBJC_ROOT_CLASS = YES_ERROR;
				CLANG_WARN_SUSPICIOUS_MOVE = YES;
				CLANG_WARN_UNREACHABLE_CODE = YES;
				CLANG_WARN__DUPLICATE_METHOD_MATCH = YES;
				"CODE_SIGN_IDENTITY[sdk=iphoneos*]" = "iPhone Developer";
				COPY_PHASE_STRIP = NO;
				DEBUG_INFORMATION_FORMAT = "dwarf-with-dsym";
				ENABLE_NS_ASSERTIONS = NO;
				ENABLE_STRICT_OBJC_MSGSEND = YES;
				GCC_C_LANGUAGE_STANDARD = gnu99;
				GCC_NO_COMMON_BLOCKS = YES;
				GCC_WARN_64_TO_32_BIT_CONVERSION = YES;
				GCC_WARN_ABOUT_RETURN_TYPE = YES_ERROR;
				GCC_WARN_UNDECLARED_SELECTOR = YES;
				GCC_WARN_UNINITIALIZED_AUTOS = YES_AGGRESSIVE;
				GCC_WARN_UNUSED_FUNCTION = YES;
				GCC_WARN_UNUSED_VARIABLE = YES;
				IPHONEOS_DEPLOYMENT_TARGET = 10.3;
				MTL_ENABLE_DEBUG_INFO = NO;
				SDKROOT = iphoneos;
				SWIFT_OPTIMIZATION_LEVEL = "-Owholemodule";
				VALIDATE_PRODUCT = YES;
			};
			name = Release;
		};
		7E783E721F25E32100F58D25 /* Debug */ = {
			isa = XCBuildConfiguration;
			baseConfigurationReference = 9E5D68EE00470BC886BD9167 /* Pods-DebtLock.debug.xcconfig */;
			buildSettings = {
				ASSETCATALOG_COMPILER_APPICON_NAME = AppIcon;
				DEVELOPMENT_TEAM = "";
				INFOPLIST_FILE = DebtLock/Info.plist;
				LD_RUNPATH_SEARCH_PATHS = "$(inherited) @executable_path/Frameworks";
				PRODUCT_BUNDLE_IDENTIFIER = com.makeschool.DebtLock;
				PRODUCT_NAME = "$(TARGET_NAME)";
				SWIFT_VERSION = 3.0;
			};
			name = Debug;
		};
		7E783E731F25E32100F58D25 /* Release */ = {
			isa = XCBuildConfiguration;
			baseConfigurationReference = B0585185CF68C767136D8247 /* Pods-DebtLock.release.xcconfig */;
			buildSettings = {
				ASSETCATALOG_COMPILER_APPICON_NAME = AppIcon;
				DEVELOPMENT_TEAM = "";
				INFOPLIST_FILE = DebtLock/Info.plist;
				LD_RUNPATH_SEARCH_PATHS = "$(inherited) @executable_path/Frameworks";
				PRODUCT_BUNDLE_IDENTIFIER = com.makeschool.DebtLock;
				PRODUCT_NAME = "$(TARGET_NAME)";
				SWIFT_VERSION = 3.0;
			};
			name = Release;
		};
/* End XCBuildConfiguration section */

/* Begin XCConfigurationList section */
		7E783E5A1F25E32100F58D25 /* Build configuration list for PBXProject "DebtLock" */ = {
			isa = XCConfigurationList;
			buildConfigurations = (
				7E783E6F1F25E32100F58D25 /* Debug */,
				7E783E701F25E32100F58D25 /* Release */,
			);
			defaultConfigurationIsVisible = 0;
			defaultConfigurationName = Release;
		};
		7E783E711F25E32100F58D25 /* Build configuration list for PBXNativeTarget "DebtLock" */ = {
			isa = XCConfigurationList;
			buildConfigurations = (
				7E783E721F25E32100F58D25 /* Debug */,
				7E783E731F25E32100F58D25 /* Release */,
			);
			defaultConfigurationIsVisible = 0;
			defaultConfigurationName = Release;
		};
/* End XCConfigurationList section */
	};
	rootObject = 7E783E571F25E32100F58D25 /* Project object */;
}
